# Generated by conda-lock.
# platform: win-64
# input_hash: 695f8ba9d382d02fdcc14e78abbefd3f5dac63d39cf5d6aa169b4d1c45c18071
@EXPLICIT
https://conda.anaconda.org/conda-forge/win-64/ca-certificates-2024.8.30-h56e8100_0.conda#4c4fd67c18619be5aa65dc5b6c72e490
https://conda.anaconda.org/conda-forge/noarch/font-ttf-dejavu-sans-mono-2.37-hab24e00_0.tar.bz2#0c96522c6bdaed4b1566d11387caaf45
https://conda.anaconda.org/conda-forge/noarch/font-ttf-inconsolata-3.000-h77eed37_0.tar.bz2#34893075a5c9e55cdafac56607368fc6
https://conda.anaconda.org/conda-forge/noarch/font-ttf-source-code-pro-2.038-h77eed37_0.tar.bz2#4d59c254e01d9cde7957100457e2d5fb
https://conda.anaconda.org/conda-forge/noarch/font-ttf-ubuntu-0.83-h77eed37_3.conda#49023d73832ef61042f6a237cb2687e7
https://conda.anaconda.org/conda-forge/win-64/intel-openmp-2025.0.0-h57928b3_1164.conda#b36ba21470b584524f111d59ed3efbd0
https://conda.anaconda.org/conda-forge/win-64/python_abi-3.10-5_cp310.conda#3c510f4c4383f5fbdb12fdd971b30d49
https://conda.anaconda.org/conda-forge/noarch/tzdata-2024b-hc8b5060_0.conda#8ac3367aafb1cc0a068483c580af8015
https://conda.anaconda.org/conda-forge/win-64/ucrt-10.0.22621.0-h57928b3_1.conda#6797b005cd0f439c4c5c9ac565783700
https://conda.anaconda.org/conda-forge/win-64/winpty-0.4.3-4.tar.bz2#1cee351bf20b830d991dbe0bc8cd7dfe
https://conda.anaconda.org/conda-forge/noarch/fonts-conda-forge-1-0.tar.bz2#f766549260d6815b0c52253f1fb1bb29
https://conda.anaconda.org/conda-forge/win-64/libwinpthread-12.0.0.r4.gg4f2fc60ca-h57928b3_8.conda#03cccbba200ee0523bde1f3dad60b1f3
https://conda.anaconda.org/conda-forge/win-64/mkl-2020.4-hb70f87d_311.tar.bz2#eb823c8b41ecf9cd5f08baea1b32e4ef
https://conda.anaconda.org/conda-forge/win-64/vc14_runtime-14.42.34433-he29a5d6_23.conda#32b37d0cfa80da34548501cdc913a832
https://conda.anaconda.org/conda-forge/noarch/fonts-conda-ecosystem-1-0.tar.bz2#fee5683a3f04bd15cbd8318b096a27ab
https://conda.anaconda.org/conda-forge/win-64/libblas-3.9.0-8_mkl.tar.bz2#6de24bc80d8a3dcd5e2f06641a5d1da3
https://conda.anaconda.org/conda-forge/win-64/libgomp-14.2.0-h1383e82_1.conda#9e2d4d1214df6f21cba12f6eff4972f9
https://conda.anaconda.org/conda-forge/win-64/vc-14.3-ha32ba9b_23.conda#7c10ec3158d1eb4ddff7007c9101adb0
https://conda.anaconda.org/conda-forge/win-64/vs2015_runtime-14.42.34433-hdffcdeb_23.conda#5c176975ca2b8366abad3c97b3cd1e83
https://conda.anaconda.org/conda-forge/win-64/_openmp_mutex-4.5-2_gnu.conda#37e16618af5c4851a3f3d66dd0e11141
https://conda.anaconda.org/conda-forge/win-64/aws-c-common-0.10.3-h2466b09_0.conda#49b50b5f5074259e9a62c0c271a24d98
https://conda.anaconda.org/conda-forge/win-64/bzip2-1.0.8-h2466b09_7.conda#276e7ffe9ffe39688abc665ef0f45596
https://conda.anaconda.org/conda-forge/win-64/c-ares-1.34.3-h2466b09_1.conda#f8413bb7fb62f7bdc2545c9a06937790
https://conda.anaconda.org/conda-forge/win-64/double-conversion-3.3.0-h63175ca_0.conda#1a8bc18b24014167b2184c5afbe6037e
https://conda.anaconda.org/conda-forge/win-64/graphite2-1.3.13-h63175ca_1003.conda#3194499ee7d1a67404a87d0eefdd92c6
https://conda.anaconda.org/conda-forge/win-64/icu-75.1-he0c23c2_0.conda#8579b6bb8d18be7c0b27fb08adeeeb40
https://conda.anaconda.org/conda-forge/win-64/lerc-4.0.0-h63175ca_0.tar.bz2#1900cb3cab5055833cfddb0ba233b074
https://conda.anaconda.org/conda-forge/win-64/libabseil-20240722.0-cxx17_he0c23c2_1.conda#3f59a73b07a05530b252ecb07dd882b9
https://conda.anaconda.org/conda-forge/win-64/libbrotlicommon-1.1.0-h2466b09_2.conda#f7dc9a8f21d74eab46456df301da2972
https://conda.anaconda.org/conda-forge/win-64/libcblas-3.9.0-8_mkl.tar.bz2#3bac56af014b2ef22ebd87d4f5ee2774
https://conda.anaconda.org/conda-forge/win-64/libcrc32c-1.1.2-h0e60522_0.tar.bz2#cd4cc2d0c610c8cb5419ccc979f2d6ce
https://conda.anaconda.org/conda-forge/win-64/libdeflate-1.22-h2466b09_0.conda#a3439ce12d4e3cd887270d9436f9a4c8
https://conda.anaconda.org/conda-forge/win-64/libexpat-2.6.4-he0c23c2_0.conda#eb383771c680aa792feb529eaf9df82f
https://conda.anaconda.org/conda-forge/win-64/libffi-3.4.2-h8ffe710_5.tar.bz2#2c96d1b6915b408893f9472569dee135
https://conda.anaconda.org/conda-forge/win-64/libiconv-1.17-hcfcfb64_2.conda#e1eb10b1cca179f2baa3601e4efc8712
https://conda.anaconda.org/conda-forge/win-64/libjpeg-turbo-3.0.0-hcfcfb64_1.conda#3f1b948619c45b1ca714d60c7389092c
https://conda.anaconda.org/conda-forge/win-64/liblapack-3.9.0-8_mkl.tar.bz2#f3c618bd796a71eede50ffe29d25ad8c
https://conda.anaconda.org/conda-forge/win-64/libsodium-1.0.20-hc70643c_0.conda#198bb594f202b205c7d18b936fa4524f
https://conda.anaconda.org/conda-forge/win-64/libsqlite-3.47.0-h2466b09_1.conda#5b1f36012cc3d09c4eb9f24ad0e2c379
https://conda.anaconda.org/conda-forge/win-64/libutf8proc-2.8.0-h82a8f57_0.tar.bz2#076894846fe9f068f91c57d158c90cba
https://conda.anaconda.org/conda-forge/win-64/libwebp-base-1.4.0-hcfcfb64_0.conda#abd61d0ab127ec5cd68f62c2969e6f34
https://conda.anaconda.org/conda-forge/win-64/libzlib-1.3.1-h2466b09_2.conda#41fbfac52c601159df6c01f875de31b9
https://conda.anaconda.org/conda-forge/win-64/lz4-c-1.9.4-hcfcfb64_0.conda#e34720eb20a33fc3bfb8451dd837ab7a
https://conda.anaconda.org/conda-forge/win-64/openssl-3.4.0-h2466b09_0.conda#d0d805d9b5524a14efb51b3bff965e83
https://conda.anaconda.org/conda-forge/win-64/pixman-0.43.4-h63175ca_0.conda#b98135614135d5f458b75ab9ebb9558c
https://conda.anaconda.org/conda-forge/win-64/qhull-2020.2-hc790b64_5.conda#854fbdff64b572b5c0b470f334d34c11
https://conda.anaconda.org/conda-forge/win-64/snappy-1.2.1-h23299a8_0.conda#7635a408509e20dcfc7653ca305ad799
https://conda.anaconda.org/conda-forge/win-64/tk-8.6.13-h5226925_1.conda#fc048363eb8f03cd1737600a5d08aafe
https://conda.anaconda.org/conda-forge/win-64/xz-5.2.6-h8d14728_0.tar.bz2#515d77642eaa3639413c6b1bc3f94219
https://conda.anaconda.org/conda-forge/win-64/yaml-0.2.5-h8ffe710_2.tar.bz2#adbfb9f45d1004a26763652246a33764
https://conda.anaconda.org/conda-forge/win-64/aws-c-cal-0.8.0-hb414858_2.conda#fd898cb8119bf3ad009762df2d8068b0
https://conda.anaconda.org/conda-forge/win-64/aws-c-compression-0.3.0-hb414858_2.conda#beb319c4aeb7de9f6cacf533ebbae94c
https://conda.anaconda.org/conda-forge/win-64/aws-c-sdkutils-0.2.1-hb414858_1.conda#0e3318644bfcc9c42cbde728d7bb8e08
https://conda.anaconda.org/conda-forge/win-64/aws-checksums-0.2.2-hb414858_1.conda#0cb03655a7cf5b4ad9e0cd8d5a18b21d
https://conda.anaconda.org/conda-forge/win-64/krb5-1.21.3-hdf4eb48_0.conda#31aec030344e962fbd7dbbbbd68e60a9
https://conda.anaconda.org/conda-forge/win-64/libbrotlidec-1.1.0-h2466b09_2.conda#9bae75ce723fa34e98e239d21d752a7e
https://conda.anaconda.org/conda-forge/win-64/libbrotlienc-1.1.0-h2466b09_2.conda#85741a24d97954a991e55e34bc55990b
https://conda.anaconda.org/conda-forge/win-64/libevent-2.1.12-h3671451_1.conda#25efbd786caceef438be46da78a7b5ef
https://conda.anaconda.org/conda-forge/win-64/libgcc-14.2.0-h1383e82_1.conda#75fdd34824997a0f9950a703b15d8ac5
https://conda.anaconda.org/conda-forge/win-64/libintl-0.22.5-h5728263_3.conda#2cf0cf76cc15d360dfa2f17fd6cf9772
https://conda.anaconda.org/conda-forge/win-64/libpng-1.6.44-h3ca93ac_0.conda#639ac6b55a40aa5de7b8c1b4d78f9e81
https://conda.anaconda.org/conda-forge/win-64/libprotobuf-5.28.2-hcaed137_0.conda#97c6d2f83edd7b400a22660e2a4d1488
https://conda.anaconda.org/conda-forge/win-64/libre2-11-2024.07.02-h4eb7d71_1.conda#d8dbfb066c8e3e85439687613d32057d
https://conda.anaconda.org/conda-forge/win-64/libssh2-1.11.1-he619c9f_0.conda#af0cbf037dd614c34399b3b3e568c557
https://conda.anaconda.org/conda-forge/win-64/libxml2-2.13.5-h442d1da_0.conda#1fbabbec60a3c7c519a5973b06c3b2f4
https://conda.anaconda.org/conda-forge/win-64/pcre2-10.44-h3d7b363_2.conda#a3a3baddcfb8c80db84bec3cb7746fb8
https://conda.anaconda.org/conda-forge/win-64/python-3.10.15-hfaddaf0_2_cpython.conda#52a45ce756c062994b25738288c8ab62
https://conda.anaconda.org/conda-forge/win-64/zlib-1.3.1-h2466b09_2.conda#be60c4e8efa55fddc17b4131aa47acbd
https://conda.anaconda.org/conda-forge/win-64/zstd-1.5.6-h0ea2cb4_0.conda#9a17230f95733c04dc40a2b1e5491d74
https://conda.anaconda.org/conda-forge/noarch/attrs-24.2.0-pyh71513ae_0.conda#6732fa52eb8e66e5afeb32db8701a791
https://conda.anaconda.org/conda-forge/win-64/aws-c-io-0.15.2-hef77f12_2.conda#ac3ab925a1345a6957d5d217fd2d9469
https://conda.anaconda.org/conda-forge/win-64/brotli-bin-1.1.0-h2466b09_2.conda#d22534a9be5771fc58eb7564947f669d
https://conda.anaconda.org/conda-forge/win-64/brotli-python-1.1.0-py310h9e98ed7_2.conda#3a10a1d0cf3ece273195f26191fd6cc6
https://conda.anaconda.org/conda-forge/noarch/cached_property-1.5.2-pyha770c72_1.tar.bz2#576d629e47797577ab0f1b351297ef4a
https://conda.anaconda.org/conda-forge/noarch/certifi-2024.8.30-pyhd8ed1ab_0.conda#12f7d00853807b0531775e9be891cb11
https://conda.anaconda.org/conda-forge/noarch/charset-normalizer-3.4.0-pyhd8ed1ab_0.conda#a374efa97290b8799046df7c5ca17164
https://conda.anaconda.org/conda-forge/noarch/colorama-0.4.6-pyhd8ed1ab_0.tar.bz2#3faab06a954c2a04039983f2c4a50d99
https://conda.anaconda.org/conda-forge/noarch/cycler-0.12.1-pyhd8ed1ab_0.conda#5cd86562580f274031ede6aa6aa24441
https://conda.anaconda.org/conda-forge/win-64/debugpy-1.8.9-py310h9e98ed7_0.conda#85292b2b0fdca947c417ca3ebbb6b0a5
https://conda.anaconda.org/conda-forge/noarch/decorator-5.1.1-pyhd8ed1ab_0.tar.bz2#43afe5ab04e35e17ba28649471dd7364
https://conda.anaconda.org/conda-forge/noarch/defusedxml-0.7.1-pyhd8ed1ab_0.tar.bz2#961b3a227b437d82ad7054484cfa71b2
https://conda.anaconda.org/conda-forge/noarch/entrypoints-0.4-pyhd8ed1ab_0.tar.bz2#3cf04868fee0a029769bd41f4b2fbf2d
https://conda.anaconda.org/conda-forge/noarch/exceptiongroup-1.2.2-pyhd8ed1ab_0.conda#d02ae936e42063ca46af6cdad2dbd1e0
https://conda.anaconda.org/conda-forge/noarch/executing-2.1.0-pyhd8ed1ab_0.conda#d0441db20c827c11721889a241df1220
https://conda.anaconda.org/conda-forge/win-64/freetype-2.12.1-hdaf720e_2.conda#3761b23693f768dc75a8fd0a73ca053f
https://conda.anaconda.org/conda-forge/win-64/greenlet-3.1.1-py310h9e98ed7_0.conda#b1c267e92cab63c3de1b1565bafdb672
https://conda.anaconda.org/conda-forge/noarch/hpack-4.0.0-pyh9f0ad1d_0.tar.bz2#914d6646c4dbb1fd3ff539830a12fd71
https://conda.anaconda.org/conda-forge/noarch/hyperframe-6.0.1-pyhd8ed1ab_0.tar.bz2#9f765cbfab6870c8435b9eefecd7a1f4
https://conda.anaconda.org/conda-forge/noarch/idna-3.10-pyhd8ed1ab_0.conda#7ba2ede0e7c795ff95088daf0dc59753
https://conda.anaconda.org/conda-forge/noarch/json5-0.10.0-pyhd8ed1ab_0.conda#165cbd1d80be88dafadeabfaae6fa588
https://conda.anaconda.org/conda-forge/win-64/jsonpointer-3.0.0-py310h5588dad_1.conda#6810fe21e6fa93f073584994ea178a12
https://conda.anaconda.org/conda-forge/win-64/kiwisolver-1.4.7-py310hc19bc0b_0.conda#50d96539497fc7493cbe469fbb6b8b6e
https://conda.anaconda.org/conda-forge/win-64/libclang13-19.1.4-default_ha5278ca_0.conda#6acaf8464e71abf0713a030e0eba8317
https://conda.anaconda.org/conda-forge/win-64/libcurl-8.10.1-h1ee3ff0_0.conda#7ead800e22ff7b4bccb73e42a8f7a0f4
https://conda.anaconda.org/conda-forge/win-64/libglib-2.82.2-h7025463_0.conda#3e379c1b908a7101ecbc503def24613f
https://conda.anaconda.org/conda-forge/win-64/libthrift-0.21.0-hbe90ef8_0.conda#7699570e1f97de7001a7107aabf2d677
https://conda.anaconda.org/conda-forge/win-64/libtiff-4.7.0-hfc51747_1.conda#eac317ed1cc6b9c0af0c27297e364665
https://conda.anaconda.org/conda-forge/win-64/libxslt-1.1.39-h3df6e99_0.conda#279ee338c9b34871d578cb3c7aa68f70
https://conda.anaconda.org/conda-forge/win-64/markupsafe-3.0.2-py310h38315fa_0.conda#d67a799792d5d5d7b1dcf6fd4e35c6c7
https://conda.anaconda.org/conda-forge/noarch/mistune-3.0.2-pyhd8ed1ab_0.conda#5cbee699846772cc939bef23a0d524ed
https://conda.anaconda.org/conda-forge/noarch/munkres-1.1.4-pyh9f0ad1d_0.tar.bz2#2ba8498c1018c1e9c61eb99b973dfe19
https://conda.anaconda.org/conda-forge/noarch/narwhals-1.14.2-pyhff2d567_0.conda#c7948f818368f181dea8d4865efd8039
https://conda.anaconda.org/conda-forge/noarch/nest-asyncio-1.6.0-pyhd8ed1ab_0.conda#6598c056f64dc8800d40add25e4e2c34
https://conda.anaconda.org/conda-forge/win-64/numpy-2.0.2-py310h1ec8c79_1.conda#4f2239328935b02e9024e25dc21840c3
https://conda.anaconda.org/conda-forge/win-64/orc-2.0.3-h34659fe_0.conda#7d0f9831258c59c73b1dcf00b05e8785
https://conda.anaconda.org/conda-forge/noarch/packaging-24.2-pyhff2d567_1.conda#8508b703977f4c4ada34d657d051972c
https://conda.anaconda.org/conda-forge/noarch/pandocfilters-1.5.0-pyhd8ed1ab_0.tar.bz2#457c2c8c08e54905d6954e79cb5b5db9
https://conda.anaconda.org/conda-forge/noarch/parso-0.8.4-pyhd8ed1ab_0.conda#81534b420deb77da8833f2289b8d47ac
https://conda.anaconda.org/conda-forge/noarch/pickleshare-0.7.5-py_1003.tar.bz2#415f0ebb6198cc2801c73438a9fb5761
https://conda.anaconda.org/conda-forge/noarch/pkgutil-resolve-name-1.3.10-pyhd8ed1ab_1.conda#405678b942f2481cecdb3e010f4925d9
https://conda.anaconda.org/conda-forge/noarch/platformdirs-4.3.6-pyhd8ed1ab_0.conda#fd8f2b18b65bbf62e8f653100690c8d2
https://conda.anaconda.org/conda-forge/noarch/prometheus_client-0.21.0-pyhd8ed1ab_0.conda#07e9550ddff45150bfc7da146268e165
https://conda.anaconda.org/conda-forge/win-64/psutil-6.1.0-py310ha8f682b_0.conda#4e5ed46bab4ca903c94ef4775ec0da68
https://conda.anaconda.org/conda-forge/win-64/pthread-stubs-0.4-h0e40799_1002.conda#3c8f2573569bb816483e5cf57efbbe29
https://conda.anaconda.org/conda-forge/noarch/pure_eval-0.2.3-pyhd8ed1ab_0.conda#0f051f09d992e0d08941706ad519ee0e
https://conda.anaconda.org/conda-forge/noarch/pycparser-2.22-pyhd8ed1ab_0.conda#844d9eb3b43095b031874477f7d70088
https://conda.anaconda.org/conda-forge/noarch/pygments-2.18.0-pyhd8ed1ab_0.conda#b7f5c092b8f9800150d998a71b76d5a1
https://conda.anaconda.org/conda-forge/noarch/pyparsing-3.2.0-pyhd8ed1ab_1.conda#035c17fbf099f50ff60bf2eb303b0a83
https://conda.anaconda.org/conda-forge/noarch/python-dotenv-1.0.1-pyhd8ed1ab_0.conda#c2997ea9360ac4e015658804a7a84f94
https://conda.anaconda.org/conda-forge/noarch/python-fastjsonschema-2.20.0-pyhd8ed1ab_0.conda#b98d2018c01ce9980c03ee2850690fab
https://conda.anaconda.org/conda-forge/noarch/python-json-logger-2.0.7-pyhd8ed1ab_0.conda#a61bf9ec79426938ff785eb69dbb1960
https://conda.anaconda.org/conda-forge/noarch/python-tzdata-2024.2-pyhd8ed1ab_0.conda#986287f89929b2d629bd6ef6497dc307
https://conda.anaconda.org/conda-forge/noarch/pytz-2024.1-pyhd8ed1ab_0.conda#3eeeeb9e4827ace8c0c1419c85d590ad
https://conda.anaconda.org/conda-forge/win-64/pywin32-307-py310h9e98ed7_3.conda#1fd1de4af8c39bb0efa5c9d5b092aa42
https://conda.anaconda.org/conda-forge/win-64/pywinpty-2.0.14-py310h9e98ed7_0.conda#9b36cc37a04410f4067b5e6dc35d5064
https://conda.anaconda.org/conda-forge/win-64/pyyaml-6.0.2-py310ha8f682b_1.conda#308f62d05cbcbc633eeab4843def3b51
https://conda.anaconda.org/conda-forge/win-64/re2-2024.07.02-hd3b24a8_1.conda#b4abdc84c969587219e7e759116a3e8b
https://conda.anaconda.org/conda-forge/noarch/rfc3986-validator-0.1.1-pyh9f0ad1d_0.tar.bz2#912a71cc01012ee38e6b90ddd561e36f
https://conda.anaconda.org/conda-forge/win-64/rpds-py-0.21.0-py310hc226416_0.conda#d369f36636cd4ee9b1b945642fed0b78
https://conda.anaconda.org/conda-forge/noarch/setuptools-75.6.0-pyhff2d567_1.conda#fc80f7995e396cbaeabd23cf46c413dc
https://conda.anaconda.org/conda-forge/noarch/six-1.16.0-pyh6c4a22f_0.tar.bz2#e5f25f8dbc060e9a8d912e432202afc2
https://conda.anaconda.org/conda-forge/noarch/sniffio-1.3.1-pyhd8ed1ab_0.conda#490730480d76cf9c8f8f2849719c6e2b
https://conda.anaconda.org/conda-forge/noarch/soupsieve-2.5-pyhd8ed1ab_1.conda#3f144b2c34f8cb5a9abd9ed23a39c561
https://conda.anaconda.org/conda-forge/noarch/threadpoolctl-3.5.0-pyhc1e730c_0.conda#df68d78237980a159bd7149f33c0e8fd
https://conda.anaconda.org/conda-forge/noarch/tomli-2.1.0-pyhff2d567_0.conda#3fa1089b4722df3a900135925f4519d9
https://conda.anaconda.org/conda-forge/win-64/tornado-6.4.2-py310ha8f682b_0.conda#e6819d3a0cae0f1b1838875f858421d1
https://conda.anaconda.org/conda-forge/noarch/traitlets-5.14.3-pyhd8ed1ab_0.conda#3df84416a021220d8b5700c613af2dc5
https://conda.anaconda.org/conda-forge/noarch/types-python-dateutil-2.9.0.20241003-pyhff2d567_0.conda#3d326f8a2aa2d14d51d8c513426b5def
https://conda.anaconda.org/conda-forge/noarch/typing_extensions-4.12.2-pyha770c72_0.conda#ebe6952715e1d5eb567eeebf25250fa7
https://conda.anaconda.org/conda-forge/noarch/typing_utils-0.1.0-pyhd8ed1ab_0.tar.bz2#eb67e3cace64c66233e2d35949e20f92
https://conda.anaconda.org/conda-forge/win-64/unicodedata2-15.1.0-py310ha8f682b_1.conda#c79b8d93f7cf51200011a9eede124b6e
https://conda.anaconda.org/conda-forge/noarch/uri-template-1.3.0-pyhd8ed1ab_0.conda#0944dc65cb4a9b5b68522c3bb585d41c
https://conda.anaconda.org/conda-forge/noarch/wcwidth-0.2.13-pyhd8ed1ab_0.conda#68f0738df502a14213624b288c60c9ad
https://conda.anaconda.org/conda-forge/noarch/webcolors-24.8.0-pyhd8ed1ab_0.conda#eb48b812eb4fbb9ff238a6651fdbbcae
https://conda.anaconda.org/conda-forge/noarch/webencodings-0.5.1-pyhd8ed1ab_2.conda#daf5160ff9cde3a468556965329085b9
https://conda.anaconda.org/conda-forge/noarch/websocket-client-1.8.0-pyhd8ed1ab_0.conda#f372c576b8774922da83cda2b12f9d29
https://conda.anaconda.org/conda-forge/noarch/wheel-0.45.1-pyhd8ed1ab_0.conda#bdb2f437ce62fd2f1fef9119a37a12d9
https://conda.anaconda.org/conda-forge/noarch/win_inet_pton-1.1.0-pyh7428d3b_7.conda#c998c13b2f998af57c3b88c7a47979e0
https://conda.anaconda.org/conda-forge/win-64/xorg-libxau-1.0.11-h0e40799_1.conda#ca66d6f8fe86dd53664e8de5087ef6b1
https://conda.anaconda.org/conda-forge/win-64/xorg-libxdmcp-1.1.5-h0e40799_0.conda#8393c0f7e7870b4eb45553326f81f0ff
https://conda.anaconda.org/conda-forge/win-64/zeromq-4.3.5-ha9f60a1_7.conda#e03f2c245a5ee6055752465519363b1c
https://conda.anaconda.org/conda-forge/noarch/zipp-3.21.0-pyhd8ed1ab_0.conda#fee389bf8a4843bd7a2248ce11b7f188
https://conda.anaconda.org/conda-forge/noarch/anyio-4.6.2.post1-pyhd8ed1ab_0.conda#688697ec5e9588bdded167d19577625b
https://conda.anaconda.org/conda-forge/noarch/asttokens-2.4.1-pyhd8ed1ab_0.conda#5f25798dcefd8252ce5f9dc494d5f571
https://conda.anaconda.org/conda-forge/noarch/async-lru-2.0.4-pyhd8ed1ab_0.conda#3d081de3a6ea9f894bbb585e8e3a4dcb
https://conda.anaconda.org/conda-forge/win-64/aws-c-event-stream-0.5.0-hab6af6e_7.conda#1e81f2ecfb25d4a84b4d8fa6067924e5
https://conda.anaconda.org/conda-forge/win-64/aws-c-http-0.9.1-hab0f966_2.conda#e715a008f534917e93ed2238546b68b0
https://conda.anaconda.org/conda-forge/noarch/babel-2.16.0-pyhd8ed1ab_0.conda#6d4e9ecca8d88977147e109fc7053184
https://conda.anaconda.org/conda-forge/noarch/beautifulsoup4-4.12.3-pyha770c72_0.conda#332493000404d8411859539a5a630865
https://conda.anaconda.org/conda-forge/noarch/bleach-6.2.0-pyhd8ed1ab_0.conda#461bcfab8e65c166e297222ae919a2d4
https://conda.anaconda.org/conda-forge/win-64/brotli-1.1.0-h2466b09_2.conda#378f1c9421775dfe644731cb121c8979
https://conda.anaconda.org/conda-forge/noarch/cached-property-1.5.2-hd8ed1ab_1.tar.bz2#9b347a7ec10940d3f7941ff6c460b551
https://conda.anaconda.org/conda-forge/win-64/cffi-1.17.1-py310ha8f682b_0.conda#9c7ec967f4ae263aec56cff05bdbfc07
https://conda.anaconda.org/conda-forge/noarch/comm-0.2.2-pyhd8ed1ab_0.conda#948d84721b578d426294e17a02e24cbb
https://conda.anaconda.org/conda-forge/win-64/contourpy-1.3.1-py310hc19bc0b_0.conda#741bcc6a07e77d3102aa23c580cad4f0
https://conda.anaconda.org/conda-forge/win-64/fontconfig-2.15.0-h765892d_1.conda#9bb0026a2131b09404c59c4290c697cd
https://conda.anaconda.org/conda-forge/noarch/h11-0.14.0-pyhd8ed1ab_0.tar.bz2#b21ed0883505ba1910994f1df031a428
https://conda.anaconda.org/conda-forge/noarch/h2-4.1.0-pyhd8ed1ab_0.tar.bz2#b748fbf7060927a6e82df7cb5ee8f097
https://conda.anaconda.org/conda-forge/noarch/importlib-metadata-8.5.0-pyha770c72_0.conda#54198435fce4d64d8a89af22573012a8
https://conda.anaconda.org/conda-forge/noarch/importlib_resources-6.4.5-pyhd8ed1ab_0.conda#c808991d29b9838fb4d96ce8267ec9ec
https://conda.anaconda.org/conda-forge/noarch/jedi-0.19.2-pyhff2d567_0.conda#11ead81b00e0f7cc901fceb7ccfb92c1
https://conda.anaconda.org/conda-forge/noarch/jinja2-3.1.4-pyhd8ed1ab_0.conda#7b86ecb7d3557821c649b3c31e3eb9f2
https://conda.anaconda.org/conda-forge/noarch/joblib-1.4.2-pyhd8ed1ab_0.conda#25df261d4523d9f9783bcdb7208d872f
https://conda.anaconda.org/conda-forge/win-64/jupyter_core-5.7.2-py310h5588dad_0.conda#6646c59c6c096e0b99c53dc9d3deaada
https://conda.anaconda.org/conda-forge/noarch/jupyterlab_pygments-0.3.0-pyhd8ed1ab_1.conda#afcd1b53bcac8844540358e33f33d28f
https://conda.anaconda.org/conda-forge/win-64/lcms2-2.16-h67d730c_0.conda#d3592435917b62a8becff3a60db674f6
https://conda.anaconda.org/conda-forge/win-64/libgrpc-1.67.1-h7aa3b8a_0.conda#daad5d4a1c24c1afe748afbb83377e43
https://conda.anaconda.org/conda-forge/win-64/libxcb-1.17.0-h0e4246c_0.conda#a69bbf778a462da324489976c84cfc8c
https://conda.anaconda.org/conda-forge/noarch/matplotlib-inline-0.1.7-pyhd8ed1ab_0.conda#779345c95648be40d22aaa89de7d4254
https://conda.anaconda.org/conda-forge/win-64/openjpeg-2.5.2-h3d672ee_0.conda#7e7099ad94ac3b599808950cec30ad4e
https://conda.anaconda.org/conda-forge/noarch/overrides-7.7.0-pyhd8ed1ab_0.conda#24fba5a9d161ad8103d4e84c0e1a3ed4
https://conda.anaconda.org/conda-forge/noarch/patsy-1.0.1-pyhff2d567_0.conda#a97b9c7586cedcf4a0a158ef3479975c
https://conda.anaconda.org/conda-forge/noarch/pip-24.3.1-pyh8b19718_0.conda#5dd546fe99b44fda83963d15f84263b7
https://conda.anaconda.org/conda-forge/noarch/prompt-toolkit-3.0.48-pyha770c72_0.conda#4c05134c48b6a74f33bbb9938e4a115e
https://conda.anaconda.org/conda-forge/noarch/pysocks-1.7.1-pyh0701188_6.tar.bz2#56cd9fe388baac0e90c7149cfac95b60
https://conda.anaconda.org/conda-forge/noarch/python-dateutil-2.9.0.post0-pyhff2d567_0.conda#b6dfd90a2141e573e4b6a81630b56df5
https://conda.anaconda.org/conda-forge/win-64/pyzmq-26.2.0-py310h656833d_3.conda#0006cd398c60696f009db3d60d27366a
https://conda.anaconda.org/conda-forge/noarch/referencing-0.35.1-pyhd8ed1ab_0.conda#0fc8b52192a8898627c3efae1003e9f6
https://conda.anaconda.org/conda-forge/noarch/rfc3339-validator-0.1.4-pyhd8ed1ab_0.tar.bz2#fed45fc5ea0813240707998abe49f520
https://conda.anaconda.org/conda-forge/win-64/scipy-1.14.1-py310hbd0dde3_1.conda#40856f1a065530263c38af13fe7d8f25
https://conda.anaconda.org/conda-forge/noarch/send2trash-1.8.3-pyh5737063_0.conda#5a86a21050ca3831ec7f77fb302f1132
https://conda.anaconda.org/conda-forge/noarch/terminado-0.18.1-pyh5737063_0.conda#4abd500577430a942a995fd0d09b76a2
https://conda.anaconda.org/conda-forge/noarch/tinycss2-1.4.0-pyhd8ed1ab_0.conda#f1acf5fdefa8300de697982bcb1761c9
https://conda.anaconda.org/conda-forge/noarch/typing-extensions-4.12.2-hd8ed1ab_0.conda#52d648bd608f5737b123f510bb5514b5
https://conda.anaconda.org/conda-forge/win-64/argon2-cffi-bindings-21.2.0-py310ha8f682b_5.conda#d18002177f557891c1fc5482da6decd7
https://conda.anaconda.org/conda-forge/noarch/arrow-1.3.0-pyhd8ed1ab_0.conda#b77d8c2313158e6e461ca0efb1c2c508
https://conda.anaconda.org/conda-forge/win-64/aws-c-auth-0.8.0-h6c5491b_10.conda#78eef4154032e557c81bcd12640ee048
https://conda.anaconda.org/conda-forge/win-64/aws-c-mqtt-0.11.0-hbfeb708_8.conda#e125209fbb06e56a208a75f8aae48c00
https://conda.anaconda.org/conda-forge/win-64/cairo-1.18.0-h32b962e_3.conda#8f43723a4925c51e55c2d81725a97db4
https://conda.anaconda.org/conda-forge/win-64/fonttools-4.55.0-py310h38315fa_0.conda#318b25df8de7a28d4e4112595ba1628d
https://conda.anaconda.org/conda-forge/noarch/fqdn-1.5.1-pyhd8ed1ab_0.tar.bz2#642d35437078749ef23a5dca2c9bb1f3
https://conda.anaconda.org/conda-forge/noarch/httpcore-1.0.7-pyh29332c3_1.conda#2ca8e6dbc86525c8b95e3c0ffa26442e
https://conda.anaconda.org/conda-forge/noarch/jsonschema-specifications-2024.10.1-pyhd8ed1ab_0.conda#720745920222587ef942acfbc578b584
https://conda.anaconda.org/conda-forge/noarch/jupyter_client-8.6.3-pyhd8ed1ab_0.conda#a14218cfb29662b4a19ceb04e93e298e
https://conda.anaconda.org/conda-forge/noarch/jupyter_server_terminals-0.5.3-pyhd8ed1ab_0.conda#219b3833aa8ed91d47d1be6ca03f30be
https://conda.anaconda.org/conda-forge/win-64/libgoogle-cloud-2.31.0-h07d40e7_0.conda#94320a551af951938e22e9b5dbd60b50
https://conda.anaconda.org/conda-forge/win-64/pandas-2.2.3-py310hb4db72f_1.conda#565b3f19282642a23e5ff9bbfb01569c
https://conda.anaconda.org/conda-forge/win-64/pillow-11.0.0-py310h4dc435f_0.conda#80e0100d9f198fd2e4ed8c2e561b8fee
https://conda.anaconda.org/conda-forge/win-64/scikit-learn-1.5.2-py310hf2a6c47_1.conda#bef8985d120ce63d9d68c3799fb9d10c
https://conda.anaconda.org/conda-forge/win-64/sqlalchemy-2.0.36-py310ha8f682b_0.conda#458f94a86252f0960e7491ad654dc260
https://conda.anaconda.org/conda-forge/noarch/stack_data-0.6.2-pyhd8ed1ab_0.conda#e7df0fdd404616638df5ece6e69ba7af
https://conda.anaconda.org/conda-forge/win-64/zstandard-0.23.0-py310he5e10e1_1.conda#2a879227ccc1a10a2caddf12607ffaeb
https://conda.anaconda.org/conda-forge/noarch/argon2-cffi-23.1.0-pyhd8ed1ab_0.conda#3afef1f55a1366b4d3b6a0d92e2235e4
https://conda.anaconda.org/conda-forge/win-64/aws-c-s3-0.7.2-h6108ab3_0.conda#dd13817144d595f8309f08cd61578fba
https://conda.anaconda.org/conda-forge/win-64/harfbuzz-9.0.0-h2bedf89_1.conda#254f119aaed2c0be271c1114ae18d09b
https://conda.anaconda.org/conda-forge/noarch/httpx-0.27.2-pyhd8ed1ab_0.conda#7e9ac3faeebdbd7b53b462c41891e7f7
https://conda.anaconda.org/conda-forge/noarch/ipython-8.29.0-pyh7428d3b_0.conda#9dc505b3569b4c26cffc241c50695f75
https://conda.anaconda.org/conda-forge/noarch/isoduration-20.11.0-pyhd8ed1ab_0.tar.bz2#4cb68948e0b8429534380243d063a27a
https://conda.anaconda.org/conda-forge/noarch/jsonschema-4.23.0-pyhd8ed1ab_0.conda#da304c192ad59975202859b367d0f6a2
https://conda.anaconda.org/conda-forge/win-64/libgoogle-cloud-storage-2.31.0-he5eb982_0.conda#5de1d1089bc7d21b2cbc7273a0c2022d
https://conda.anaconda.org/conda-forge/win-64/matplotlib-base-3.9.2-py310h37e0a56_2.conda#de5afa0ace8c6685cae5be56e6bb210e
https://conda.anaconda.org/conda-forge/win-64/statsmodels-0.14.4-py310hb0944cc_0.conda#a572e7b2a32f1c18b701ac9fe858c1f1
https://conda.anaconda.org/conda-forge/noarch/urllib3-2.2.3-pyhd8ed1ab_0.conda#6b55867f385dd762ed99ea687af32a69
https://conda.anaconda.org/conda-forge/noarch/vega_datasets-0.9.0-pyhd3deb0d_0.tar.bz2#c754e69d9d5de4a69ff0972318349bd0
https://conda.anaconda.org/conda-forge/noarch/altair-5.5.0-pyhd8ed1ab_0.conda#a36e83a3ca4416a393be9d023f1f9c8d
https://conda.anaconda.org/conda-forge/win-64/aws-crt-cpp-0.29.5-h2d7cec8_1.conda#383e187925a92f36209f9e8928c0e3c5
https://conda.anaconda.org/conda-forge/noarch/ipykernel-6.29.5-pyh4bbf305_0.conda#18df5fc4944a679e085e0e8f31775fc8
https://conda.anaconda.org/conda-forge/noarch/jsonschema-with-format-nongpl-4.23.0-hd8ed1ab_0.conda#16b37612b3a2fd77f409329e213b530c
https://conda.anaconda.org/conda-forge/noarch/nbformat-5.10.4-pyhd8ed1ab_0.conda#0b57b5368ab7fc7cdc9e3511fa867214
https://conda.anaconda.org/conda-forge/win-64/qt6-main-6.8.0-hfb098fa_0.conda#053046ca73b71bbcc81c6dc114264d24
https://conda.anaconda.org/conda-forge/noarch/requests-2.32.3-pyhd8ed1ab_0.conda#5ede4753180c7a550a443c430dc8ab52
https://conda.anaconda.org/conda-forge/noarch/seaborn-base-0.13.2-pyhd8ed1ab_2.conda#b713b116feaf98acdba93ad4d7f90ca1
https://conda.anaconda.org/conda-forge/win-64/aws-sdk-cpp-1.11.449-h720637a_3.conda#062cb7ed2a7f620467767067f6beb560
https://conda.anaconda.org/conda-forge/noarch/jupyter_events-0.10.0-pyhd8ed1ab_0.conda#ed45423c41b3da15ea1df39b1f80c2ca
https://conda.anaconda.org/conda-forge/noarch/nbclient-0.10.0-pyhd8ed1ab_0.conda#15b51397e0fe8ea7d7da60d83eb76ebc
https://conda.anaconda.org/conda-forge/win-64/pyside6-6.8.0.2-py310h60c6385_0.conda#f7b99bb2d417f4c808ca02b832c79ef7
https://conda.anaconda.org/conda-forge/noarch/seaborn-0.13.2-hd8ed1ab_2.conda#a79d8797f62715255308d92d3a91ef2e
https://conda.anaconda.org/conda-forge/win-64/libarrow-18.1.0-ha6cba7b_0_cpu.conda#8a76cbc1804a1fdefceba72cc0636c10
https://conda.anaconda.org/conda-forge/win-64/matplotlib-3.9.2-py310h5588dad_2.conda#b384edac78cda559a60eb6590383ea4e
https://conda.anaconda.org/conda-forge/noarch/nbconvert-core-7.16.4-pyhd8ed1ab_1.conda#e2d2abb421c13456a9a9f80272fdf543
https://conda.anaconda.org/conda-forge/noarch/jupyter_server-2.14.2-pyhd8ed1ab_0.conda#ca23c71f70a7c7935b3d03f0f1a5801d
https://conda.anaconda.org/conda-forge/win-64/libarrow-acero-18.1.0-hac47afa_0_cpu.conda#67e6c19071d49d57198e198af688ac18
https://conda.anaconda.org/conda-forge/win-64/libparquet-18.1.0-h59f2d37_0_cpu.conda#92af271e4cda47c8170a0221880bf8bc
https://conda.anaconda.org/conda-forge/win-64/pyarrow-core-18.1.0-py310h399dd74_0_cpu.conda#45d9ee9d0b92d4fbbbfe7db44d84d2fe
https://conda.anaconda.org/conda-forge/noarch/jupyter-lsp-2.2.5-pyhd8ed1ab_0.conda#885867f6adab3d7ecdf8ab6ca0785f51
https://conda.anaconda.org/conda-forge/noarch/jupyterlab_server-2.27.3-pyhd8ed1ab_0.conda#af8239bf1ba7e8c69b689f780f653488
https://conda.anaconda.org/conda-forge/win-64/libarrow-dataset-18.1.0-hac47afa_0_cpu.conda#5a0d5065fd58c6e7ced1fbfedf13947e
https://conda.anaconda.org/conda-forge/noarch/notebook-shim-0.2.4-pyhd8ed1ab_0.conda#3d85618e2c97ab896b5b5e298d32b5b3
https://conda.anaconda.org/conda-forge/noarch/jupyterlab-4.3.1-pyhff2d567_0.conda#b4f3d579fc21a44518d52c52507461b4
https://conda.anaconda.org/conda-forge/win-64/libarrow-substrait-18.1.0-hcd1cebd_0_cpu.conda#6887db7d17378e788198bfca7b6e1e2b
https://conda.anaconda.org/conda-forge/win-64/pyarrow-18.1.0-py310h5588dad_0.conda#0a9a667f2223be8615637cc24d0049d8
# pip annotated-types @ https://files.pythonhosted.org/packages/78/b6/6307fbef88d9b5ee7421e68d78a9f162e0da4900bc5f5793f6d3d0e34fb8/annotated_types-0.7.0-py3-none-any.whl#sha256=1f02e8b43a8fbbc3f3e0d4f0f4bfc8131bcb4eebe8849b8e5c773f3a1c582a53
# pip argparse @ https://files.pythonhosted.org/packages/f2/94/3af39d34be01a24a6e65433d19e107099374224905f1e0cc6bbe1fd22a2f/argparse-1.4.0-py2.py3-none-any.whl#sha256=c31647edb69fd3d465a847ea3157d37bed1f95f19760b11a47aa91c04b666314
# pip backcall @ https://files.pythonhosted.org/packages/4c/1c/ff6546b6c12603d8dd1070aa3c3d273ad4c07f5771689a7b69a550e8c951/backcall-0.2.0-py2.py3-none-any.whl#sha256=fbbce6a29f263178a1f7915c1940bde0ec2b2a967566fe1c65c1dfb7422bd255
# pip iniconfig @ https://files.pythonhosted.org/packages/ef/a6/62565a6e1cf69e10f5727360368e451d4b7f58beeac6173dc9db836a5b46/iniconfig-2.0.0-py3-none-any.whl#sha256=b6a85871a79d2e3b22d2d1b94ac2824226a63c6b741c88f7ae975f18b6778374
# pip ipython-genutils @ https://files.pythonhosted.org/packages/fa/bc/9bd3b5c2b4774d5f33b2d544f1460be9df7df2fe42f352135381c347c69a/ipython_genutils-0.2.0-py2.py3-none-any.whl#sha256=72dd37233799e619666c9f639a9da83c34013a73e8bbc79a7a6348d93c61fab8
# pip jsonpickle @ https://files.pythonhosted.org/packages/a1/64/815460f86d94c9e1431800a75061719824c6fef14d88a6117eba3126cd5b/jsonpickle-4.0.0-py3-none-any.whl#sha256=53730b9e094bc41f540bfdd25eaf6e6cf43811590e9e1477abcec44b866ddcd9
# pip jupyterlab-widgets @ https://files.pythonhosted.org/packages/1f/73/4f281e0f86bf532baec742da40ededf8b22dc224523e38c638fb6ad91255/jupyterlab_widgets-1.1.11-py3-none-any.whl#sha256=840e538021d87e020a8e7b786597f088431f4ebd8308655555e126c3950a1b27
# pip multimethod @ https://files.pythonhosted.org/packages/af/98/cff14d53a2f2f67d7fe8a4e235a383ee71aba6a1da12aeea24b325d0c72a/multimethod-1.12-py3-none-any.whl#sha256=fd0c473c43558908d97cc06e4d68e8f69202f167db46f7b4e4058893e7dbdf60
# pip mypy-extensions @ https://files.pythonhosted.org/packages/2a/e2/5d3f6ada4297caebe1a2add3b126fe800c96f56dbe5d1988a2cbe0b267aa/mypy_extensions-1.0.0-py3-none-any.whl#sha256=4392f6c0eb8a5668a69e23d168ffa70f0be9ccfd32b5cc2d26a34ae5b844552d
# pip pathspec @ https://files.pythonhosted.org/packages/cc/20/ff623b09d963f88bfde16306a54e12ee5ea43e9b597108672ff3a408aad6/pathspec-0.12.1-py3-none-any.whl#sha256=a0d503e138a4c123b27490a4f7beda6a01c6f288df0e4a8b79c7eb0dc7b4cc08
# pip pluggy @ https://files.pythonhosted.org/packages/88/5f/e351af9a41f866ac3f1fac4ca0613908d9a41741cfcf2228f4ad853b697d/pluggy-1.5.0-py3-none-any.whl#sha256=44e1ad92c8ca002de6377e165f3e0f1be63266ab4d554740532335b9d75ea669
# pip protobuf @ https://files.pythonhosted.org/packages/9c/4c/4563ebe001ff30dca9d7ed12e471fa098d9759712980cde1fd03a3a44fb7/protobuf-5.28.3-cp310-abi3-win_amd64.whl#sha256=91fba8f445723fcf400fdbe9ca796b19d3b1242cd873907979b9ed71e4afe868
# pip py @ https://files.pythonhosted.org/packages/f6/f0/10642828a8dfb741e5f3fbaac830550a518a775c7fff6f04a007259b0548/py-1.11.0-py2.py3-none-any.whl#sha256=607c53218732647dff4acdfcd50cb62615cedf612e72d1724fb1a0cc6405b378
# pip tenacity @ https://files.pythonhosted.org/packages/b6/cb/b86984bed139586d01532a587464b5805f12e397594f19f931c4c2fbfa61/tenacity-9.0.0-py3-none-any.whl#sha256=93de0c98785b27fcf659856aa9f54bfbd399e29969b0621bc7f762bd441b4539
# pip vegafusion-python-embed @ https://files.pythonhosted.org/packages/b8/0c/424b50f9cf3921b72d9e5dde5dc1750dfe2d4b958a5dd51806a617f4d8c4/vegafusion_python_embed-1.6.9-cp38-abi3-win_amd64.whl#sha256=1cc83b9c7fe91493902dae5f4ca90b7692916e5171dfd1feafd23504e9aca3b4
# pip vl-convert-python @ https://files.pythonhosted.org/packages/ae/e2/c4a3fff3efcfeebaab554c9c4b027e875fd339da7f619b144765353a60d1/vl_convert_python-1.7.0-cp37-abi3-win_amd64.whl#sha256=285bbadb1ce8a922c87f6e75a9544fe10a652d37bd4c1519fb93f90bab381588
# pip wrapt @ https://files.pythonhosted.org/packages/c6/f4/77e0886c95556f2b4caa8908ea8eb85f713fc68296a2113f8c63d50fe0fb/wrapt-1.17.0-cp310-cp310-win_amd64.whl#sha256=f28b29dc158ca5d6ac396c8e0a2ef45c4e97bb7e65522bfc04c989e6fe814575
# pip anyio @ https://files.pythonhosted.org/packages/19/24/44299477fe7dcc9cb58d0a57d5a7588d6af2ff403fdd2d47a246c91a3246/anyio-3.7.1-py3-none-any.whl#sha256=91dee416e570e92c64041bd18b900d1d6fa78dff7048769ce5ac5ddad004fbb5
# pip click @ https://files.pythonhosted.org/packages/00/2e/d53fa4befbf2cfa713304affc7ca780ce4fc1fd8710527771b58311a3229/click-8.1.7-py3-none-any.whl#sha256=ae74fb96c20a0277a1d615f1e4d73c8414f5a98db8b799a7931d1582f3390c28
# pip deepchecks-installer @ https://files.pythonhosted.org/packages/e0/51/f40f2b04feb12d3ba6862d3052db8176b804a96c8af8db2297ae3127f852/deepchecks_installer-0.3-py3-none-any.whl#sha256=52a06931ba5174b5a4e3b19461d63af8c43c9ad03e616d691c3a94fec26c60ff
# pip ipython @ https://files.pythonhosted.org/packages/7c/6a/1f1365f4bf9fcb349fcaa5b61edfcefa721aa13ff37c5631296b12fab8e5/ipython-7.34.0-py3-none-any.whl#sha256=c175d2440a1caff76116eb719d40538fbb316e214eda85c5515c303aacbfb23e
# pip nbconvert @ https://files.pythonhosted.org/packages/b8/bb/bb5b6a515d1584aa2fd89965b11db6632e4bdc69495a52374bcc36e56cfa/nbconvert-7.16.4-py3-none-any.whl#sha256=05873c620fe520b6322bf8a5ad562692343fe3452abda5765c7a34b7d1aa3eb3
# pip plotly @ https://files.pythonhosted.org/packages/e5/ae/580600f441f6fc05218bd6c9d5794f4aef072a7d9093b291f1c50a9db8bc/plotly-5.24.1-py3-none-any.whl#sha256=f67073a1e637eb0dc3e46324d9d51e2fe76e9727c892dde64ddf1e1b51f29089
# pip pydantic-core @ https://files.pythonhosted.org/packages/d7/41/55a117acaeda25ceae51030b518032934f251b1dac3704a53781383e3491/pydantic_core-2.27.1-cp310-none-win_amd64.whl#sha256=57866a76e0b3823e0b56692d1a0bf722bffb324839bb5b7226a7dbd6c9a40b17
# pip pytest @ https://files.pythonhosted.org/packages/6b/77/7440a06a8ead44c7757a64362dd22df5760f9b12dc5f11b6188cd2fc27a0/pytest-8.3.3-py3-none-any.whl#sha256=a6853c7375b2663155079443d2e45de913a911a11d669df02a50814944db57b2
# pip python-utils @ https://files.pythonhosted.org/packages/d4/69/31c82567719b34d8f6b41077732589104883771d182a9f4ff3e71430999a/python_utils-3.9.1-py2.py3-none-any.whl#sha256=0273d7363c7ad4b70999b2791d5ba6b55333d6f7a4e4c8b6b39fb82b5fab4613
# pip pyzmq @ https://files.pythonhosted.org/packages/a2/9e/c2dd5f912d4d90fe7357f4980061c1d00318124042c1dddd063c2520a035/pyzmq-23.2.1-cp310-cp310-win_amd64.whl#sha256=650389bbfca73955b262b2230423d89992f38ec48033307ae80e700eaa2fbb63
# pip scipy @ https://files.pythonhosted.org/packages/26/68/84dbe18583e79e56e4cee8d00232a8dd7d4ae33bc3acf3be1c347991848f/scipy-1.6.1.tar.gz#sha256=c4fceb864890b6168e79b0e714c585dbe2fd4222768ee90bc1aa0f8218691b11
# pip tqdm @ https://files.pythonhosted.org/packages/d0/30/dc54f88dd4a2b5dc8a0279bdd7270e735851848b762aeb1c1184ed1f6b14/tqdm-4.67.1-py3-none-any.whl#sha256=26445eca388f82e72884e0d580d5464cd801a3ea01e63e5601bdff9ba6a48de2
# pip typeguard @ https://files.pythonhosted.org/packages/f2/53/9465dedf2d69fe26008e7732cf6e0a385e387c240869e7d54eed49782a3c/typeguard-4.4.1-py3-none-any.whl#sha256=9324ec07a27ec67fc54a9c063020ca4c0ae6abad5e9f0f9804ca59aee68c6e21
# pip typing-inspect @ https://files.pythonhosted.org/packages/65/f3/107a22063bf27bdccf2024833d3445f4eea42b2e598abfbd46f6a63b6cb0/typing_inspect-0.9.0-py3-none-any.whl#sha256=9ee6fc59062311ef8547596ab6b955e1b8aa46242d854bfc78f4f6b0eff35f9f
# pip vegafusion @ https://files.pythonhosted.org/packages/0f/ff/373735f2d876542ef94b1a16d6d60dcff48bea539cc14edc9b589bc9cca2/vegafusion-1.6.9-py3-none-any.whl#sha256=f9e2f193a86c0eec3efe884f75d15232b050597e94f96f9c33ef6d630243178f
# pip black @ https://files.pythonhosted.org/packages/e1/32/df7f18bd0e724e0d9748829765455d6643ec847b3f87e77456fc99d0edab/black-24.10.0-cp310-cp310-win_amd64.whl#sha256=fe4d6476887de70546212c99ac9bd803d90b42fc4767f058a0baa895013fbb3e
# pip jupyter-client @ https://files.pythonhosted.org/packages/fd/a7/ef3b7c8b9d6730a21febdd0809084e4cea6d2a7e43892436adecdd0acbd4/jupyter_client-7.4.9-py3-none-any.whl#sha256=214668aaea208195f4c13d28eb272ba79f945fc0cf3f11c7092c20b2ca1980e7
# pip pydantic @ https://files.pythonhosted.org/packages/d5/74/da832196702d0c56eb86b75bfa346db9238617e29b0b7ee3b8b4eccfe654/pydantic-2.10.2-py3-none-any.whl#sha256=cfb96e45951117c3024e6b67b25cdc33a3cb7b2fa62e239f7af1378358a1d99e
# pip pynomaly @ https://files.pythonhosted.org/packages/03/00/0af76dc221eb34f0d98af54024955ddc16080057a69d4c19329811aabc03/PyNomaly-0.3.4-py3-none-any.whl#sha256=e653f1e1c9a70c92170829f7440841e3b004528e1a1bfaea5e830e53fca26822
# pip statsmodels @ https://files.pythonhosted.org/packages/13/72/b1740ce41a660160732a6901f4a80780c6eb2d1ad4df05a660d75db9252d/statsmodels-0.14.0-cp310-cp310-win_amd64.whl#sha256=fb471f757fc45102a87e5d86e87dc2c8c78b34ad4f203679a46520f1d863b9da
# pip category-encoders @ https://files.pythonhosted.org/packages/98/47/598b4bf0ccf6f02915e71bdd23fe846a27adc2d3ba734f2ba5215d8e44f5/category_encoders-2.6.4-py2.py3-none-any.whl#sha256=59f4b541ec787dfdfacc12267e1aff91a1ddc0b756991ec2129d50d6495d6e36
# pip ipykernel @ https://files.pythonhosted.org/packages/73/14/ec9a1c42d2c952c848a1ac366718783ab725148faf910bc086601809cefd/ipykernel-6.27.1-py3-none-any.whl#sha256=dab88b47f112f9f7df62236511023c9bdeef67abc73af7c652e4ce4441601686
# pip jupyter-server @ https://files.pythonhosted.org/packages/5b/ce/142bcb35ffe215d8880e968689ab733bd7976a6c20dae24b6782cce2219a/jupyter_server-1.24.0-py3-none-any.whl#sha256=c88ddbe862966ea1aea8c3ccb89a5903abd8fbcfe5cd14090ef549d403332c37
# pip pandera @ https://files.pythonhosted.org/packages/bb/46/036f7ce9ea162af98b65df15fa16a22fdb9813e326ef856eb82794e70871/pandera-0.21.0-py3-none-any.whl#sha256=ee694182ff9f15c165d14a99a9b90bcdf95bce07c1935f73c69718db15c85809
# pip nbclassic @ https://files.pythonhosted.org/packages/59/d1/86fcfe1d1e5b66ec61632b014612e2d074a9d2bdf0eed53b90c2536e8dd3/nbclassic-1.1.0-py3-none-any.whl#sha256=8c0fd6e36e320a18657ff44ed96c3a400f17a903a3744fc322303a515778f2ba
# pip notebook @ https://files.pythonhosted.org/packages/af/9c/0620631da9d7013e95a8f985043cad229a0d8fb537a7e3f8ff8467565a8c/notebook-6.5.7-py3-none-any.whl#sha256=a6afa9a4ff4d149a0771ff8b8c881a7a73b3835f9add0606696d6e9d98ac1cd0
# pip widgetsnbextension @ https://files.pythonhosted.org/packages/93/1b/25d570ee8dce0f2ddadb967d6242cf6e10516db7897c7d9a6e3853b56bfc/widgetsnbextension-3.6.10-py2.py3-none-any.whl#sha256=91a283c2bb50b43ae415dfe69fb026ece0c14e0102987fb53127c7a71e82417d
# pip ipywidgets @ https://files.pythonhosted.org/packages/25/22/f48bd3af0ef7c72dce13f9930a4483acbc7c77373834700296495ea0875f/ipywidgets-7.8.5-py2.py3-none-any.whl#sha256=8055fe314edd4c101a5f1ea230620ef5e315b0ca87f940264b4eac1faf9746ef
# pip deepchecks @ https://files.pythonhosted.org/packages/53/ab/71a9f3db6b356ae8a620bcc57a932be9a24abab745a4273537dbb5620efa/deepchecks-0.17.4-py3-none-any.whl#sha256=c3dec87daae7b84e4cc207b256ee783512d12351502c1d1793c92df3000d3cd0
